
Microsoft Visual Studio Solution File, Format Version 12.00
# Visual Studio Version 16
VisualStudioVersion = 16.0.30907.101
MinimumVisualStudioVersion = 10.0.40219.1
Project("{FAE04EC0-301F-11D3-BF4B-00C04F79EFBC}") = "RegistrationForm", "RegistrationForm.csproj", "{3D2D187F-BD94-45F3-948D-BA126C78869A}"
EndProject
Global
	GlobalSection(SolutionConfigurationPlatforms) = preSolution
		Debug|Any CPU = Debug|Any CPU
		Release|Any CPU = Release|Any CPU
	EndGlobalSection
	GlobalSection(ProjectConfigurationPlatforms) = postSolution
		{3D2D187F-BD94-45F3-948D-BA126C78869A}.Debug|Any CPU.ActiveCfg = Debug|Any CPU
		{3D2D187F-BD94-45F3-948D-BA126C78869A}.Debug|Any CPU.Build.0 = Debug|Any CPU
		{3D2D187F-BD94-45F3-948D-BA126C78869A}.Release|Any CPU.ActiveCfg = Release|Any CPU
		{3D2D187F-BD94-45F3-948D-BA126C78869A}.Release|Any CPU.Build.0 = Release|Any CPU
	EndGlobalSection
	GlobalSection(SolutionProperties) = preSolution
		HideSolutionNode = FALSE
	EndGlobalSection
	GlobalSection(ExtensibilityGlobals) = postSolution
		SolutionGuid = {80C01166-B9E8-4060-92F0-F050F41C85C3}
	EndGlobalSection
EndGlobal
